
Microsoft Visual Studio Solution File, Format Version 12.00
# Visual Studio Version 17
VisualStudioVersion = 17.14.36603.0
MinimumVisualStudioVersion = 10.0.40219.1
Project("{FAE04EC0-301F-11D3-BF4B-00C04F79EFBC}") = "SidecarWeb", "SidecarWeb\SidecarWeb.csproj", "{12862C70-D311-41DB-ACB2-7C9CD67EBBCF}"
EndProject
Global
	GlobalSection(SolutionConfigurationPlatforms) = preSolution
		Debug|Any CPU = Debug|Any CPU
		Release|Any CPU = Release|Any CPU
	EndGlobalSection
	GlobalSection(ProjectConfigurationPlatforms) = postSolution
		{12862C70-D311-41DB-ACB2-7C9CD67EBBCF}.Debug|Any CPU.ActiveCfg = Debug|Any CPU
		{12862C70-D311-41DB-ACB2-7C9CD67EBBCF}.Debug|Any CPU.Build.0 = Debug|Any CPU
		{12862C70-D311-41DB-ACB2-7C9CD67EBBCF}.Release|Any CPU.ActiveCfg = Release|Any CPU
		{12862C70-D311-41DB-ACB2-7C9CD67EBBCF}.Release|Any CPU.Build.0 = Release|Any CPU
	EndGlobalSection
	GlobalSection(SolutionProperties) = preSolution
		HideSolutionNode = FALSE
	EndGlobalSection
	GlobalSection(ExtensibilityGlobals) = postSolution
		SolutionGuid = {3E5149D6-0F5D-414D-B0CE-1D263E89F619}
	EndGlobalSection
EndGlobal
